
Microsoft Visual Studio Solution File, Format Version 12.00
# Visual Studio Version 16
VisualStudioVersion = 16.0.32228.343
MinimumVisualStudioVersion = 10.0.40219.1
Project("{FAE04EC0-301F-11D3-BF4B-00C04F79EFBC}") = "AzureGitVSRepo3", "AzureGitVSRepo3\AzureGitVSRepo3.csproj", "{1824A689-1CE3-42CB-8413-7EE22F3CF336}"
EndProject
Global
	GlobalSection(SolutionConfigurationPlatforms) = preSolution
		Debug|Any CPU = Debug|Any CPU
		Release|Any CPU = Release|Any CPU
	EndGlobalSection
	GlobalSection(ProjectConfigurationPlatforms) = postSolution
		{1824A689-1CE3-42CB-8413-7EE22F3CF336}.Debug|Any CPU.ActiveCfg = Debug|Any CPU
		{1824A689-1CE3-42CB-8413-7EE22F3CF336}.Debug|Any CPU.Build.0 = Debug|Any CPU
		{1824A689-1CE3-42CB-8413-7EE22F3CF336}.Release|Any CPU.ActiveCfg = Release|Any CPU
		{1824A689-1CE3-42CB-8413-7EE22F3CF336}.Release|Any CPU.Build.0 = Release|Any CPU
	EndGlobalSection
	GlobalSection(SolutionProperties) = preSolution
		HideSolutionNode = FALSE
	EndGlobalSection
	GlobalSection(ExtensibilityGlobals) = postSolution
		SolutionGuid = {7745FFB6-AEC5-40E0-ACDA-456026AA9192}
	EndGlobalSection
EndGlobal
